{
  "R": {
    "Version": "4.1.3",
    "Repositories": [
      {
        "Name": "CRAN",
        "URL": "https://cloud.r-project.org"
      }
    ]
  },
  "Packages": {
    "BH": {
      "Package": "BH",
      "Version": "1.78.0-0",
      "Source": "Repository",
      "Repository": "CRAN",
      "Hash": "4e348572ffcaa2fb1e610e7a941f6f3a",
      "Requirements": []
    },
    "Brobdingnag": {
      "Package": "Brobdingnag",
      "Version": "1.2-7",
      "Source": "Repository",
      "Repository": "CRAN",
      "Hash": "f73a31c1c5104baa9073c21f7967853f",
      "Requirements": []
    },
    "DT": {
      "Package": "DT",
      "Version": "0.22",
      "Source": "Repository",
      "Repository": "CRAN",
      "Hash": "fc53164de9ee32692eef6fdd14115381",
      "Requirements": [
        "crosstalk",
        "htmltools",
        "htmlwidgets",
        "jquerylib",
        "jsonlite",
        "magrittr",
        "promises"
      ]
    },
    "HDInterval": {
      "Package": "HDInterval",
      "Version": "0.2.2",
      "Source": "Repository",
      "Repository": "CRAN",
      "Hash": "3b986a53325a1d95610b8d86a284dac0",
      "Requirements": []
    },
    "MASS": {
      "Package": "MASS",
      "Version": "7.3-55",
      "Source": "Repository",
      "Repository": "CRAN",
      "Hash": "c5232ffb549f6d7a04a152c34ca1353d",
      "Requirements": []
    },
    "Matrix": {
      "Package": "Matrix",
      "Version": "1.4-0",
      "Source": "Repository",
      "Repository": "CRAN",
      "Hash": "130c0caba175739d98f2963c6a407cf6",
      "Requirements": [
        "lattice"
      ]
    },
    "R6": {
      "Package": "R6",
      "Version": "2.5.1",
      "Source": "Repository",
      "Repository": "CRAN",
      "Hash": "470851b6d5d0ac559e9d01bb352b4021",
      "Requirements": []
    },
    "RApiSerialize": {
      "Package": "RApiSerialize",
      "Version": "0.1.0",
      "Source": "Repository",
      "Repository": "CRAN",
      "Hash": "96a7dca805d39693b0cb0dad099a5899",
      "Requirements": []
    },
    "RColorBrewer": {
      "Package": "RColorBrewer",
      "Version": "1.1-3",
      "Source": "Repository",
      "Repository": "CRAN",
      "Hash": "45f0398006e83a5b10b72a90663d8d8c",
      "Requirements": []
    },
    "Rcpp": {
      "Package": "Rcpp",
      "Version": "1.0.8.3",
      "Source": "Repository",
      "Repository": "CRAN",
      "Hash": "32e79b908fda56ee57fe518a8d37b864",
      "Requirements": []
    },
    "RcppArmadillo": {
      "Package": "RcppArmadillo",
      "Version": "0.10.8.1.0",
      "Source": "Repository",
      "Repository": "CRAN",
      "Hash": "303dcd8a3fca86087e341ed5cc360abf",
      "Requirements": [
        "Rcpp"
      ]
    },
    "RcppEigen": {
      "Package": "RcppEigen",
      "Version": "0.3.3.9.2",
      "Source": "Repository",
      "Repository": "CRAN",
      "Hash": "4c86baed78388ceb06f88e3e9a1d87f5",
      "Requirements": [
        "Matrix",
        "Rcpp"
      ]
    },
    "RcppParallel": {
      "Package": "RcppParallel",
      "Version": "5.1.5",
      "Source": "Repository",
      "Repository": "CRAN",
      "Hash": "f3e94e34ff656a7c8336ce01207bc2b8",
      "Requirements": []
    },
    "StanHeaders": {
      "Package": "StanHeaders",
      "Version": "2.21.0-7",
      "Source": "Repository",
      "Repository": "CRAN",
      "Hash": "0459d4dd7a8c239be18469a30c23dd4b",
      "Requirements": [
        "RcppEigen",
        "RcppParallel"
      ]
    },
    "V8": {
      "Package": "V8",
      "Version": "4.1.0",
      "Source": "Repository",
      "Repository": "CRAN",
      "Hash": "c6bdc74e7e3a095102a6326d5a8f0224",
      "Requirements": [
        "Rcpp",
        "curl",
        "jsonlite"
      ]
    },
    "abind": {
      "Package": "abind",
      "Version": "1.4-5",
      "Source": "Repository",
      "Repository": "CRAN",
      "Hash": "4f57884290cc75ab22f4af9e9d4ca862",
      "Requirements": []
    },
    "arrayhelpers": {
      "Package": "arrayhelpers",
      "Version": "1.1-0",
      "Source": "Repository",
      "Repository": "CRAN",
      "Hash": "3d4e52d458784c335af3846f2de64f75",
      "Requirements": [
        "svUnit"
      ]
    },
    "backports": {
      "Package": "backports",
      "Version": "1.4.1",
      "Source": "Repository",
      "Repository": "CRAN",
      "Hash": "c39fbec8a30d23e721980b8afb31984c",
      "Requirements": []
    },
    "base64enc": {
      "Package": "base64enc",
      "Version": "0.1-3",
      "Source": "Repository",
      "Repository": "CRAN",
      "Hash": "543776ae6848fde2f48ff3816d0628bc",
      "Requirements": []
    },
    "base64url": {
      "Package": "base64url",
      "Version": "1.4",
      "Source": "Repository",
      "Repository": "CRAN",
      "Hash": "0c54cf3a08cc0e550fbd64ad33166143",
      "Requirements": [
        "backports"
      ]
    },
    "bayesplot": {
      "Package": "bayesplot",
      "Version": "1.9.0",
      "Source": "Repository",
      "Repository": "CRAN",
      "Hash": "a1a1c0ad0d87e82f366c12afa2bfd305",
      "Requirements": [
        "dplyr",
        "ggplot2",
        "ggridges",
        "glue",
        "posterior",
        "reshape2",
        "rlang",
        "tibble",
        "tidyselect"
      ]
    },
    "boot": {
      "Package": "boot",
      "Version": "1.3-28",
      "Source": "Repository",
      "Repository": "CRAN",
      "Hash": "0baa960e3b49c6176a4f42addcbacc59",
      "Requirements": []
    },
    "bridgesampling": {
      "Package": "bridgesampling",
      "Version": "1.1-2",
      "Source": "Repository",
      "Repository": "CRAN",
      "Hash": "a64d4be61a31696fec80dc24cef69a9c",
      "Requirements": [
        "Brobdingnag",
        "Matrix",
        "coda",
        "mvtnorm",
        "scales",
        "stringr"
      ]
    },
    "brms": {
      "Package": "brms",
      "Version": "2.16.3",
      "Source": "Repository",
      "Repository": "CRAN",
      "Hash": "942078848a851140a1ad20c37f61b034",
      "Requirements": [
        "Matrix",
        "Rcpp",
        "abind",
        "backports",
        "bayesplot",
        "bridgesampling",
        "coda",
        "future",
        "ggplot2",
        "glue",
        "loo",
        "matrixStats",
        "mgcv",
        "nleqslv",
        "nlme",
        "posterior",
        "rstan",
        "rstantools",
        "shinystan"
      ]
    },
    "bslib": {
      "Package": "bslib",
      "Version": "0.3.1",
      "Source": "Repository",
      "Repository": "CRAN",
      "Hash": "56ae7e1987b340186a8a5a157c2ec358",
      "Requirements": [
        "htmltools",
        "jquerylib",
        "jsonlite",
        "rlang",
        "sass"
      ]
    },
    "cachem": {
      "Package": "cachem",
      "Version": "1.0.6",
      "Source": "Repository",
      "Repository": "RSPM",
      "Hash": "648c5b3d71e6a37e3043617489a0a0e9",
      "Requirements": [
        "fastmap",
        "rlang"
      ]
    },
    "callr": {
      "Package": "callr",
      "Version": "3.7.0",
      "Source": "Repository",
      "Repository": "CRAN",
      "Hash": "461aa75a11ce2400245190ef5d3995df",
      "Requirements": [
        "R6",
        "processx"
      ]
    },
    "checkmate": {
      "Package": "checkmate",
      "Version": "2.1.0",
      "Source": "Repository",
      "Repository": "CRAN",
      "Hash": "147e4db6909d8814bb30f671b49d7e06",
      "Requirements": [
        "backports"
      ]
    },
    "cli": {
      "Package": "cli",
      "Version": "3.2.0",
      "Source": "Repository",
      "Repository": "CRAN",
      "Hash": "1bdb126893e9ce6aae50ad1d6fc32faf",
      "Requirements": [
        "glue"
      ]
    },
    "cmdstanr": {
      "Package": "cmdstanr",
      "Version": "0.4.0.9001",
      "Source": "GitHub",
      "RemoteType": "github",
      "RemoteUsername": "stan-dev",
      "RemoteRepo": "cmdstanr",
      "RemoteRef": "master",
      "RemoteSha": "17c5e884c5848bf64124423fff281a5a93503de4",
      "RemoteHost": "api.github.com",
      "Hash": "649a1ec45eab191cc5790e46fa29af57",
      "Requirements": [
        "R6",
        "checkmate",
        "data.table",
        "jsonlite",
        "posterior",
        "processx"
      ]
    },
    "coda": {
      "Package": "coda",
      "Version": "0.19-4",
      "Source": "Repository",
      "Repository": "CRAN",
      "Hash": "24b6d006b8b2343876cf230687546932",
      "Requirements": [
        "lattice"
      ]
    },
    "codetools": {
      "Package": "codetools",
      "Version": "0.2-18",
      "Source": "Repository",
      "Repository": "CRAN",
      "Hash": "019388fc48e48b3da0d3a76ff94608a8",
      "Requirements": []
    },
    "colorspace": {
      "Package": "colorspace",
      "Version": "2.0-3",
      "Source": "Repository",
      "Repository": "CRAN",
      "Hash": "bb4341986bc8b914f0f0acf2e4a3f2f7",
      "Requirements": []
    },
    "colourpicker": {
      "Package": "colourpicker",
      "Version": "1.1.1",
      "Source": "Repository",
      "Repository": "CRAN",
      "Hash": "0f5d0b4542951dbbcf06e0d151a5227a",
      "Requirements": [
        "ggplot2",
        "htmltools",
        "htmlwidgets",
        "jsonlite",
        "miniUI",
        "shiny",
        "shinyjs"
      ]
    },
    "commonmark": {
      "Package": "commonmark",
      "Version": "1.8.0",
      "Source": "Repository",
      "Repository": "CRAN",
      "Hash": "2ba81b120c1655ab696c935ef33ea716",
      "Requirements": []
    },
    "conflicted": {
      "Package": "conflicted",
      "Version": "1.1.0",
      "Source": "Repository",
      "Repository": "CRAN",
      "Hash": "c6bb5e1ef58f2f1c84f238f55bd2e56a",
      "Requirements": [
        "memoise",
        "rlang"
      ]
    },
    "cpp11": {
      "Package": "cpp11",
      "Version": "0.4.2",
      "Source": "Repository",
      "Repository": "CRAN",
      "Hash": "fa53ce256cd280f468c080a58ea5ba8c",
      "Requirements": []
    },
    "crayon": {
      "Package": "crayon",
      "Version": "1.5.1",
      "Source": "Repository",
      "Repository": "CRAN",
      "Hash": "8dc45fd8a1ee067a92b85ef274e66d6a",
      "Requirements": []
    },
    "crosstalk": {
      "Package": "crosstalk",
      "Version": "1.2.0",
      "Source": "Repository",
      "Repository": "CRAN",
      "Hash": "6aa54f69598c32177e920eb3402e8293",
      "Requirements": [
        "R6",
        "htmltools",
        "jsonlite",
        "lazyeval"
      ]
    },
    "curl": {
      "Package": "curl",
      "Version": "4.3.2",
      "Source": "Repository",
      "Repository": "RSPM",
      "Hash": "022c42d49c28e95d69ca60446dbabf88",
      "Requirements": []
    },
    "dagitty": {
      "Package": "dagitty",
      "Version": "0.3-1",
      "Source": "Repository",
      "Repository": "CRAN",
      "Hash": "22d2afac8432f195aabdf417ce42fdf4",
      "Requirements": [
        "MASS",
        "V8",
        "boot",
        "jsonlite"
      ]
    },
    "data.table": {
      "Package": "data.table",
      "Version": "1.14.3",
      "Source": "Repository",
      "Repository": "CRAN",
      "Hash": "a20969e09c722b6ee98c9ba72de56390",
      "Requirements": []
    },
    "desc": {
      "Package": "desc",
      "Version": "1.4.1",
      "Source": "Repository",
      "Repository": "CRAN",
      "Hash": "eebd27ee58fcc58714eedb7aa07d8ad1",
      "Requirements": [
        "R6",
        "cli",
        "rprojroot"
      ]
    },
    "digest": {
      "Package": "digest",
      "Version": "0.6.29",
      "Source": "Repository",
      "Repository": "CRAN",
      "Hash": "cf6b206a045a684728c3267ef7596190",
      "Requirements": []
    },
    "distributional": {
      "Package": "distributional",
      "Version": "0.3.0",
      "Source": "Repository",
      "Repository": "CRAN",
      "Hash": "1cba2656c1cab717a3ddea79664cc534",
      "Requirements": [
        "digest",
        "ellipsis",
        "farver",
        "generics",
        "ggplot2",
        "lifecycle",
        "numDeriv",
        "rlang",
        "scales",
        "vctrs"
      ]
    },
    "dplyr": {
      "Package": "dplyr",
      "Version": "1.0.8",
      "Source": "Repository",
      "Repository": "CRAN",
      "Hash": "ef47665e64228a17609d6df877bf86f2",
      "Requirements": [
        "R6",
        "generics",
        "glue",
        "lifecycle",
        "magrittr",
        "pillar",
        "rlang",
        "tibble",
        "tidyselect",
        "vctrs"
      ]
    },
    "dygraphs": {
      "Package": "dygraphs",
      "Version": "1.1.1.6",
      "Source": "Repository",
      "Repository": "CRAN",
      "Hash": "716869fffc16e282c118f8894e082a7d",
      "Requirements": [
        "htmltools",
        "htmlwidgets",
        "magrittr",
        "xts",
        "zoo"
      ]
    },
    "ellipsis": {
      "Package": "ellipsis",
      "Version": "0.3.2",
      "Source": "Repository",
      "Repository": "CRAN",
      "Hash": "bb0eec2fe32e88d9e2836c2f73ea2077",
      "Requirements": [
        "rlang"
      ]
    },
    "evaluate": {
      "Package": "evaluate",
      "Version": "0.15",
      "Source": "Repository",
      "Repository": "CRAN",
      "Hash": "699a7a93d08c962d9f8950b2d7a227f1",
      "Requirements": []
    },
    "fansi": {
      "Package": "fansi",
      "Version": "1.0.3",
      "Source": "Repository",
      "Repository": "CRAN",
      "Hash": "83a8afdbe71839506baa9f90eebad7ec",
      "Requirements": []
    },
    "farver": {
      "Package": "farver",
      "Version": "2.1.0",
      "Source": "Repository",
      "Repository": "CRAN",
      "Hash": "c98eb5133d9cb9e1622b8691487f11bb",
      "Requirements": []
    },
    "fastmap": {
      "Package": "fastmap",
      "Version": "1.1.0",
      "Source": "Repository",
      "Repository": "CRAN",
      "Hash": "77bd60a6157420d4ffa93b27cf6a58b8",
      "Requirements": []
    },
    "fontawesome": {
      "Package": "fontawesome",
      "Version": "0.2.2",
      "Source": "Repository",
      "Repository": "CRAN",
      "Hash": "55624ed409e46c5f358b2c060be87f67",
      "Requirements": [
        "htmltools",
        "rlang"
      ]
    },
    "forcats": {
      "Package": "forcats",
      "Version": "0.5.1",
      "Source": "Repository",
      "Repository": "CRAN",
      "Hash": "81c3244cab67468aac4c60550832655d",
      "Requirements": [
        "ellipsis",
        "magrittr",
        "rlang",
        "tibble"
      ]
    },
    "fs": {
      "Package": "fs",
      "Version": "1.5.2",
      "Source": "Repository",
      "Repository": "CRAN",
      "Hash": "7c89603d81793f0d5486d91ab1fc6f1d",
      "Requirements": []
    },
    "fst": {
      "Package": "fst",
      "Version": "0.9.8",
      "Source": "Repository",
      "Repository": "CRAN",
      "Hash": "34637e000c63c3de8d8aafceb82fd082",
      "Requirements": [
        "Rcpp",
        "fstcore"
      ]
    },
    "fstcore": {
      "Package": "fstcore",
      "Version": "0.9.8",
      "Source": "Repository",
      "Repository": "CRAN",
      "Hash": "e3f33e578f19436cc08196f79aaebcd7",
      "Requirements": [
        "Rcpp"
      ]
    },
    "future": {
      "Package": "future",
      "Version": "1.24.0",
      "Source": "Repository",
      "Repository": "CRAN",
      "Hash": "5cc7addaa73372fbee0a7d06c880068e",
      "Requirements": [
        "digest",
        "globals",
        "listenv",
        "parallelly"
      ]
    },
    "generics": {
      "Package": "generics",
      "Version": "0.1.2",
      "Source": "Repository",
      "Repository": "CRAN",
      "Hash": "177475892cf4a55865868527654a7741",
      "Requirements": []
    },
    "ggdag": {
      "Package": "ggdag",
      "Version": "0.2.4",
      "Source": "Repository",
      "Repository": "CRAN",
      "Hash": "b2635735dd8573598f331b4db00a0592",
      "Requirements": [
        "dagitty",
        "dplyr",
        "forcats",
        "ggplot2",
        "ggraph",
        "ggrepel",
        "igraph",
        "magrittr",
        "pillar",
        "purrr",
        "stringr",
        "tibble",
        "tidygraph"
      ]
    },
    "ggdist": {
      "Package": "ggdist",
      "Version": "3.1.1",
      "Source": "Repository",
      "Repository": "CRAN",
      "Hash": "5b03512755c82140b90a950a5ca72594",
      "Requirements": [
        "HDInterval",
        "distributional",
        "dplyr",
        "ggplot2",
        "glue",
        "numDeriv",
        "rlang",
        "scales",
        "tibble",
        "tidyselect",
        "vctrs",
        "withr"
      ]
    },
    "ggforce": {
      "Package": "ggforce",
      "Version": "0.3.3",
      "Source": "Repository",
      "Repository": "CRAN",
      "Hash": "4c64a588b497f8c088e1d308ddd40bc6",
      "Requirements": [
        "MASS",
        "Rcpp",
        "RcppEigen",
        "ggplot2",
        "gtable",
        "polyclip",
        "rlang",
        "scales",
        "tidyselect",
        "tweenr",
        "withr"
      ]
    },
    "ggplot2": {
      "Package": "ggplot2",
      "Version": "3.3.5",
      "Source": "Repository",
      "Repository": "CRAN",
      "Hash": "d7566c471c7b17e095dd023b9ef155ad",
      "Requirements": [
        "MASS",
        "digest",
        "glue",
        "gtable",
        "isoband",
        "mgcv",
        "rlang",
        "scales",
        "tibble",
        "withr"
      ]
    },
    "ggraph": {
      "Package": "ggraph",
      "Version": "2.0.5",
      "Source": "Repository",
      "Repository": "CRAN",
      "Hash": "bb52a023e912142b8970ba883dd3b706",
      "Requirements": [
        "MASS",
        "Rcpp",
        "digest",
        "dplyr",
        "ggforce",
        "ggplot2",
        "ggrepel",
        "graphlayouts",
        "gtable",
        "igraph",
        "rlang",
        "scales",
        "tidygraph",
        "viridis",
        "withr"
      ]
    },
    "ggrepel": {
      "Package": "ggrepel",
      "Version": "0.9.1",
      "Source": "Repository",
      "Repository": "CRAN",
      "Hash": "08ab869f37e6a7741a64ab9069bcb67d",
      "Requirements": [
        "Rcpp",
        "ggplot2",
        "rlang",
        "scales"
      ]
    },
    "ggridges": {
      "Package": "ggridges",
      "Version": "0.5.3",
      "Source": "Repository",
      "Repository": "CRAN",
      "Hash": "9d028e8f37c84dba356ce3c367a1978e",
      "Requirements": [
        "ggplot2",
        "plyr",
        "scales",
        "withr"
      ]
    },
    "globals": {
      "Package": "globals",
      "Version": "0.14.0",
      "Source": "Repository",
      "Repository": "CRAN",
      "Hash": "eca8023ed5ca6372479ebb9b3207f5ae",
      "Requirements": [
        "codetools"
      ]
    },
    "glue": {
      "Package": "glue",
      "Version": "1.6.2",
      "Source": "Repository",
      "Repository": "CRAN",
      "Hash": "4f2596dfb05dac67b9dc558e5c6fba2e",
      "Requirements": []
    },
    "graphlayouts": {
      "Package": "graphlayouts",
      "Version": "0.8.0",
      "Source": "Repository",
      "Repository": "CRAN",
      "Hash": "83ebd459dbc288ee4f7ef5f7d52594a9",
      "Requirements": [
        "Rcpp",
        "RcppArmadillo",
        "igraph"
      ]
    },
    "gridExtra": {
      "Package": "gridExtra",
      "Version": "2.3",
      "Source": "Repository",
      "Repository": "CRAN",
      "Hash": "7d7f283939f563670a697165b2cf5560",
      "Requirements": [
        "gtable"
      ]
    },
    "gtable": {
      "Package": "gtable",
      "Version": "0.3.0",
      "Source": "Repository",
      "Repository": "CRAN",
      "Hash": "ac5c6baf7822ce8732b343f14c072c4d",
      "Requirements": []
    },
    "gtools": {
      "Package": "gtools",
      "Version": "3.9.2",
      "Source": "Repository",
      "Repository": "CRAN",
      "Hash": "2ace6c4a06297d0b364e0444384a2b82",
      "Requirements": []
    },
    "here": {
      "Package": "here",
      "Version": "1.0.1",
      "Source": "Repository",
      "Repository": "CRAN",
      "Hash": "24b224366f9c2e7534d2344d10d59211",
      "Requirements": [
        "rprojroot"
      ]
    },
    "highr": {
      "Package": "highr",
      "Version": "0.9",
      "Source": "Repository",
      "Repository": "CRAN",
      "Hash": "8eb36c8125038e648e5d111c0d7b2ed4",
      "Requirements": [
        "xfun"
      ]
    },
    "htmltools": {
      "Package": "htmltools",
      "Version": "0.5.2",
      "Source": "Repository",
      "Repository": "CRAN",
      "Hash": "526c484233f42522278ab06fb185cb26",
      "Requirements": [
        "base64enc",
        "digest",
        "fastmap",
        "rlang"
      ]
    },
    "htmlwidgets": {
      "Package": "htmlwidgets",
      "Version": "1.5.4",
      "Source": "Repository",
      "Repository": "RSPM",
      "Hash": "76147821cd3fcd8c4b04e1ef0498e7fb",
      "Requirements": [
        "htmltools",
        "jsonlite",
        "yaml"
      ]
    },
    "httpuv": {
      "Package": "httpuv",
      "Version": "1.6.5",
      "Source": "Repository",
      "Repository": "CRAN",
      "Hash": "97fe71f0a4a1c9890e6c2128afa04bc0",
      "Requirements": [
        "R6",
        "Rcpp",
        "later",
        "promises"
      ]
    },
    "igraph": {
      "Package": "igraph",
      "Version": "1.3.1",
      "Source": "Repository",
      "Repository": "CRAN",
      "Hash": "820595efd173f9bac4ea76c1be007299",
      "Requirements": [
        "Matrix",
        "magrittr",
        "pkgconfig"
      ]
    },
    "inline": {
      "Package": "inline",
      "Version": "0.3.19",
      "Source": "Repository",
      "Repository": "CRAN",
      "Hash": "1deaf1de3eac7e1d3377954b3a283652",
      "Requirements": []
    },
    "isoband": {
      "Package": "isoband",
      "Version": "0.2.5",
      "Source": "Repository",
      "Repository": "CRAN",
      "Hash": "7ab57a6de7f48a8dc84910d1eca42883",
      "Requirements": []
    },
    "jquerylib": {
      "Package": "jquerylib",
      "Version": "0.1.4",
      "Source": "Repository",
      "Repository": "CRAN",
      "Hash": "5aab57a3bd297eee1c1d862735972182",
      "Requirements": [
        "htmltools"
      ]
    },
    "jsonlite": {
      "Package": "jsonlite",
      "Version": "1.8.0",
      "Source": "Repository",
      "Repository": "CRAN",
      "Hash": "d07e729b27b372429d42d24d503613a0",
      "Requirements": []
    },
    "knitr": {
      "Package": "knitr",
      "Version": "1.37",
      "Source": "Repository",
      "Repository": "CRAN",
      "Hash": "a4ec675eb332a33fe7b7fe26f70e1f98",
      "Requirements": [
        "evaluate",
        "highr",
        "stringr",
        "xfun",
        "yaml"
      ]
    },
    "labeling": {
      "Package": "labeling",
      "Version": "0.4.2",
      "Source": "Repository",
      "Repository": "CRAN",
      "Hash": "3d5108641f47470611a32d0bdf357a72",
      "Requirements": []
    },
    "later": {
      "Package": "later",
      "Version": "1.3.0",
      "Source": "Repository",
      "Repository": "RSPM",
      "Hash": "7e7b457d7766bc47f2a5f21cc2984f8e",
      "Requirements": [
        "Rcpp",
        "rlang"
      ]
    },
    "lattice": {
      "Package": "lattice",
      "Version": "0.20-45",
      "Source": "Repository",
      "Repository": "CRAN",
      "Hash": "b64cdbb2b340437c4ee047a1f4c4377b",
      "Requirements": []
    },
    "lazyeval": {
      "Package": "lazyeval",
      "Version": "0.2.2",
      "Source": "Repository",
      "Repository": "CRAN",
      "Hash": "d908914ae53b04d4c0c0fd72ecc35370",
      "Requirements": []
    },
    "lifecycle": {
      "Package": "lifecycle",
      "Version": "1.0.1",
      "Source": "Repository",
      "Repository": "RSPM",
      "Hash": "a6b6d352e3ed897373ab19d8395c98d0",
      "Requirements": [
        "glue",
        "rlang"
      ]
    },
    "listenv": {
      "Package": "listenv",
      "Version": "0.8.0",
      "Source": "Repository",
      "Repository": "CRAN",
      "Hash": "0bde42ee282efb18c7c4e63822f5b4f7",
      "Requirements": []
    },
    "loo": {
      "Package": "loo",
      "Version": "2.5.1",
      "Source": "Repository",
      "Repository": "CRAN",
      "Hash": "31b53df2593afd03a4969ae028c437b1",
      "Requirements": [
        "checkmate",
        "matrixStats"
      ]
    },
    "magrittr": {
      "Package": "magrittr",
      "Version": "2.0.3",
      "Source": "Repository",
      "Repository": "CRAN",
      "Hash": "7ce2733a9826b3aeb1775d56fd305472",
      "Requirements": []
    },
    "markdown": {
      "Package": "markdown",
      "Version": "1.1",
      "Source": "Repository",
      "Repository": "CRAN",
      "Hash": "61e4a10781dd00d7d81dd06ca9b94e95",
      "Requirements": [
        "mime",
        "xfun"
      ]
    },
    "matrixStats": {
      "Package": "matrixStats",
      "Version": "0.62.0",
      "Source": "Repository",
      "Repository": "CRAN",
      "Hash": "36ad89a805c436c5316c22490079da67",
      "Requirements": []
    },
    "memoise": {
      "Package": "memoise",
      "Version": "2.0.1",
      "Source": "Repository",
      "Repository": "CRAN",
      "Hash": "e2817ccf4a065c5d9d7f2cfbe7c1d78c",
      "Requirements": [
        "cachem",
        "rlang"
      ]
    },
    "mgcv": {
      "Package": "mgcv",
      "Version": "1.8-39",
      "Source": "Repository",
      "Repository": "CRAN",
      "Hash": "055265005c238024e306fe0b600c89ff",
      "Requirements": [
        "Matrix",
        "nlme"
      ]
    },
    "mime": {
      "Package": "mime",
      "Version": "0.12",
      "Source": "Repository",
      "Repository": "CRAN",
      "Hash": "18e9c28c1d3ca1560ce30658b22ce104",
      "Requirements": []
    },
    "miniUI": {
      "Package": "miniUI",
      "Version": "0.1.1.1",
      "Source": "Repository",
      "Repository": "RSPM",
      "Hash": "fec5f52652d60615fdb3957b3d74324a",
      "Requirements": [
        "htmltools",
        "shiny"
      ]
    },
    "munsell": {
      "Package": "munsell",
      "Version": "0.5.0",
      "Source": "Repository",
      "Repository": "CRAN",
      "Hash": "6dfe8bf774944bd5595785e3229d8771",
      "Requirements": [
        "colorspace"
      ]
    },
    "mvtnorm": {
      "Package": "mvtnorm",
      "Version": "1.1-3",
      "Source": "Repository",
      "Repository": "CRAN",
      "Hash": "7a7541cc284cb2ba3ba7eae645892af5",
      "Requirements": []
    },
    "nleqslv": {
      "Package": "nleqslv",
      "Version": "3.3.2",
      "Source": "Repository",
      "Repository": "CRAN",
      "Hash": "bd00b0d9f6e1aa1462a89eb05d992b38",
      "Requirements": []
    },
    "nlme": {
      "Package": "nlme",
      "Version": "3.1-155",
      "Source": "Repository",
      "Repository": "CRAN",
      "Hash": "74ad940dccc9e977189a5afe5fcdb7ba",
      "Requirements": [
        "lattice"
      ]
    },
    "numDeriv": {
      "Package": "numDeriv",
      "Version": "2016.8-1.1",
      "Source": "Repository",
      "Repository": "CRAN",
      "Hash": "df58958f293b166e4ab885ebcad90e02",
      "Requirements": []
    },
    "palmerpenguins": {
      "Package": "palmerpenguins",
      "Version": "0.1.0",
      "Source": "Repository",
      "Repository": "CRAN",
      "Hash": "9a455031890b2adf20e19784a114ddd4",
      "Requirements": []
    },
    "parallelly": {
      "Package": "parallelly",
      "Version": "1.31.0",
      "Source": "Repository",
      "Repository": "CRAN",
      "Hash": "ceef6586b2539fd15f4cdf87061bfa04",
      "Requirements": []
    },
    "patchwork": {
      "Package": "patchwork",
      "Version": "1.1.1",
      "Source": "Repository",
      "Repository": "CRAN",
      "Hash": "c446b30cb33ec125ff02588b60660ccb",
      "Requirements": [
        "ggplot2",
        "gtable"
      ]
    },
    "pillar": {
      "Package": "pillar",
      "Version": "1.7.0",
      "Source": "Repository",
      "Repository": "CRAN",
      "Hash": "51dfc97e1b7069e9f7e6f83f3589c22e",
      "Requirements": [
        "cli",
        "crayon",
        "ellipsis",
        "fansi",
        "glue",
        "lifecycle",
        "rlang",
        "utf8",
        "vctrs"
      ]
    },
    "pkgbuild": {
      "Package": "pkgbuild",
      "Version": "1.3.1",
      "Source": "Repository",
      "Repository": "CRAN",
      "Hash": "66d2adfed274daf81ccfe77d974c3b9b",
      "Requirements": [
        "R6",
        "callr",
        "cli",
        "crayon",
        "desc",
        "prettyunits",
        "rprojroot",
        "withr"
      ]
    },
    "pkgconfig": {
      "Package": "pkgconfig",
      "Version": "2.0.3",
      "Source": "Repository",
      "Repository": "CRAN",
      "Hash": "01f28d4278f15c76cddbea05899c5d6f",
      "Requirements": []
    },
    "plyr": {
      "Package": "plyr",
      "Version": "1.8.7",
      "Source": "Repository",
      "Repository": "CRAN",
      "Hash": "9c17c6ee41639ebdc1d7266546d3b627",
      "Requirements": [
        "Rcpp"
      ]
    },
    "png": {
      "Package": "png",
      "Version": "0.1-7",
      "Source": "Repository",
      "Repository": "CRAN",
      "Hash": "03b7076c234cb3331288919983326c55",
      "Requirements": []
    },
    "polyclip": {
      "Package": "polyclip",
      "Version": "1.10-0",
      "Source": "Repository",
      "Repository": "CRAN",
      "Hash": "cb167f328b3ada4ec5cf67a7df4c900a",
      "Requirements": []
    },
    "posterior": {
      "Package": "posterior",
      "Version": "1.2.1",
      "Source": "Repository",
      "Repository": "CRAN",
      "Hash": "d93584bc476065c88564de68addf35d1",
      "Requirements": [
        "abind",
        "checkmate",
        "distributional",
        "matrixStats",
        "pillar",
        "rlang",
        "tensorA",
        "tibble",
        "vctrs"
      ]
    },
    "prettyunits": {
      "Package": "prettyunits",
      "Version": "1.1.1",
      "Source": "Repository",
      "Repository": "CRAN",
      "Hash": "95ef9167b75dde9d2ccc3c7528393e7e",
      "Requirements": []
    },
    "processx": {
      "Package": "processx",
      "Version": "3.5.3",
      "Source": "Repository",
      "Repository": "CRAN",
      "Hash": "8bbae1a548d0d3fdf6647bdd9d35bf6d",
      "Requirements": [
        "R6",
        "ps"
      ]
    },
    "promises": {
      "Package": "promises",
      "Version": "1.2.0.1",
      "Source": "Repository",
      "Repository": "CRAN",
      "Hash": "4ab2c43adb4d4699cf3690acd378d75d",
      "Requirements": [
        "R6",
        "Rcpp",
        "later",
        "magrittr",
        "rlang"
      ]
    },
    "ps": {
      "Package": "ps",
      "Version": "1.6.0",
      "Source": "Repository",
      "Repository": "CRAN",
      "Hash": "32620e2001c1dce1af49c49dccbb9420",
      "Requirements": []
    },
    "purrr": {
      "Package": "purrr",
      "Version": "0.3.4",
      "Source": "Repository",
      "Repository": "CRAN",
      "Hash": "97def703420c8ab10d8f0e6c72101e02",
      "Requirements": [
        "magrittr",
        "rlang"
      ]
    },
    "qs": {
      "Package": "qs",
      "Version": "0.25.3",
      "Source": "Repository",
      "Repository": "CRAN",
      "Hash": "2a135bd3fcd62d0caf73cf1bc9270d8d",
      "Requirements": [
        "RApiSerialize",
        "Rcpp",
        "stringfish"
      ]
    },
    "rappdirs": {
      "Package": "rappdirs",
      "Version": "0.3.3",
      "Source": "Repository",
      "Repository": "CRAN",
      "Hash": "5e3c5dc0b071b21fa128676560dbe94d",
      "Requirements": []
    },
    "renv": {
      "Package": "renv",
      "Version": "0.15.4",
      "Source": "Repository",
      "Repository": "CRAN",
      "Hash": "c1078316e1d4f70275fc1ea60c0bc431",
      "Requirements": []
    },
    "reshape2": {
      "Package": "reshape2",
      "Version": "1.4.4",
      "Source": "Repository",
      "Repository": "CRAN",
      "Hash": "bb5996d0bd962d214a11140d77589917",
      "Requirements": [
        "Rcpp",
        "plyr",
        "stringr"
      ]
    },
    "rethinking": {
      "Package": "rethinking",
      "Version": "2.21",
      "Source": "GitHub",
      "RemoteType": "github",
      "RemoteHost": "api.github.com",
      "RemoteRepo": "rethinking",
      "RemoteUsername": "rmcelreath",
      "RemoteRef": "HEAD",
      "RemoteSha": "783d111a2c70c534ee9e59ae024800290cc5ac48",
      "Hash": "6d8dc80f036cb8252eb79cac0e21197a",
      "Requirements": [
        "MASS",
        "cmdstanr",
        "coda",
        "loo",
        "mvtnorm",
        "rstan",
        "shape"
      ]
    },
    "rlang": {
      "Package": "rlang",
      "Version": "1.0.2",
      "Source": "Repository",
      "Repository": "CRAN",
      "Hash": "04884d9a75d778aca22c7154b8333ec9",
      "Requirements": []
    },
    "rmarkdown": {
      "Package": "rmarkdown",
      "Version": "2.13",
      "Source": "Repository",
      "Repository": "CRAN",
      "Hash": "ac78f4d2e0289d4cba73b88af567b8b1",
      "Requirements": [
        "bslib",
        "evaluate",
        "htmltools",
        "jquerylib",
        "jsonlite",
        "knitr",
        "stringr",
        "tinytex",
        "xfun",
        "yaml"
      ]
    },
    "rprojroot": {
      "Package": "rprojroot",
      "Version": "2.0.3",
      "Source": "Repository",
      "Repository": "CRAN",
      "Hash": "1de7ab598047a87bba48434ba35d497d",
      "Requirements": []
    },
    "rstan": {
      "Package": "rstan",
      "Version": "2.21.5",
      "Source": "Repository",
      "Repository": "CRAN",
      "Hash": "61f94b51fc49feea6637bb09e7ac81f3",
      "Requirements": [
        "BH",
        "Rcpp",
        "RcppEigen",
        "RcppParallel",
        "StanHeaders",
        "ggplot2",
        "gridExtra",
        "inline",
        "loo",
        "pkgbuild"
      ]
    },
    "rstantools": {
      "Package": "rstantools",
      "Version": "2.2.0",
      "Source": "Repository",
      "Repository": "CRAN",
      "Hash": "8b57bc9062c6e274845f253808a9cbf9",
      "Requirements": [
        "Rcpp",
        "RcppParallel",
        "desc"
      ]
    },
    "sass": {
      "Package": "sass",
      "Version": "0.4.1",
      "Source": "Repository",
      "Repository": "CRAN",
      "Hash": "f37c0028d720bab3c513fd65d28c7234",
      "Requirements": [
        "R6",
        "fs",
        "htmltools",
        "rappdirs",
        "rlang"
      ]
    },
    "scales": {
      "Package": "scales",
      "Version": "1.2.0",
      "Source": "Repository",
      "Repository": "CRAN",
      "Hash": "6e8750cdd13477aa440d453da93d5cac",
      "Requirements": [
        "R6",
        "RColorBrewer",
        "farver",
        "labeling",
        "lifecycle",
        "munsell",
        "rlang",
        "viridisLite"
      ]
    },
    "scico": {
      "Package": "scico",
      "Version": "1.3.0",
      "Source": "Repository",
      "Repository": "CRAN",
      "Hash": "5a01105ea6161bd623a2318f7e370271",
      "Requirements": [
        "scales"
      ]
    },
    "shape": {
      "Package": "shape",
      "Version": "1.4.6",
      "Source": "Repository",
      "Repository": "CRAN",
      "Hash": "9067f962730f58b14d8ae54ca885509f",
      "Requirements": []
    },
    "shiny": {
      "Package": "shiny",
      "Version": "1.7.1",
      "Source": "Repository",
      "Repository": "CRAN",
      "Hash": "00344c227c7bd0ab5d78052c5d736c44",
      "Requirements": [
        "R6",
        "bslib",
        "cachem",
        "commonmark",
        "crayon",
        "ellipsis",
        "fastmap",
        "fontawesome",
        "glue",
        "htmltools",
        "httpuv",
        "jsonlite",
        "later",
        "lifecycle",
        "mime",
        "promises",
        "rlang",
        "sourcetools",
        "withr",
        "xtable"
      ]
    },
    "shinyjs": {
      "Package": "shinyjs",
      "Version": "2.1.0",
      "Source": "Repository",
      "Repository": "CRAN",
      "Hash": "802e4786b353a4bb27116957558548d5",
      "Requirements": [
        "digest",
        "jsonlite",
        "shiny"
      ]
    },
    "shinystan": {
      "Package": "shinystan",
      "Version": "2.6.0",
      "Source": "Repository",
      "Repository": "CRAN",
      "Hash": "1f345faf46bb40014c3ccf7f77a75d19",
      "Requirements": [
        "DT",
        "bayesplot",
        "colourpicker",
        "dygraphs",
        "ggplot2",
        "gridExtra",
        "gtools",
        "markdown",
        "reshape2",
        "rstan",
        "shiny",
        "shinyjs",
        "shinythemes",
        "threejs",
        "xtable",
        "xts"
      ]
    },
    "shinythemes": {
      "Package": "shinythemes",
      "Version": "1.2.0",
      "Source": "Repository",
      "Repository": "CRAN",
      "Hash": "30f0ebc41feba25691073626ff5e2cf4",
      "Requirements": [
        "shiny"
      ]
    },
    "sourcetools": {
      "Package": "sourcetools",
      "Version": "0.1.7",
      "Source": "Repository",
      "Repository": "CRAN",
      "Hash": "947e4e02a79effa5d512473e10f41797",
      "Requirements": []
    },
    "stantargets": {
      "Package": "stantargets",
      "Version": "0.0.3.9001",
      "Source": "Repository",
      "Repository": "https://ropensci.r-universe.dev",
      "Remotes": "stan-dev/cmdstanr,",
      "RemoteUrl": "https://github.com/ropensci/stantargets",
      "RemoteRef": "main",
      "RemoteSha": "d03b1006e584af84f026e4c281981215358070ec",
      "Hash": "2f4bc2fa7e9040a0dcebe883a80bf414",
      "Requirements": [
        "cmdstanr",
        "digest",
        "fs",
        "fst",
        "posterior",
        "purrr",
        "qs",
        "rlang",
        "tarchetypes",
        "targets",
        "tibble",
        "withr"
      ]
    },
    "stringfish": {
      "Package": "stringfish",
      "Version": "0.15.7",
      "Source": "Repository",
      "Repository": "CRAN",
      "Hash": "d860d083dadb4117e305b6451bb2dc8b",
      "Requirements": [
        "Rcpp",
        "RcppParallel"
      ]
    },
    "stringi": {
      "Package": "stringi",
      "Version": "1.7.6",
      "Source": "Repository",
      "Repository": "CRAN",
      "Hash": "bba431031d30789535745a9627ac9271",
      "Requirements": []
    },
    "stringr": {
      "Package": "stringr",
      "Version": "1.4.0",
      "Source": "Repository",
      "Repository": "CRAN",
      "Hash": "0759e6b6c0957edb1311028a49a35e76",
      "Requirements": [
        "glue",
        "magrittr",
        "stringi"
      ]
    },
    "svUnit": {
      "Package": "svUnit",
      "Version": "1.0.6",
      "Source": "Repository",
      "Repository": "CRAN",
      "Hash": "894d0aff9585344af4ab78e2b4d60ab7",
      "Requirements": []
    },
    "tarchetypes": {
      "Package": "tarchetypes",
      "Version": "0.4.1",
      "Source": "Repository",
      "Repository": "https://ropensci.r-universe.dev",
      "RemoteUrl": "https://github.com/ropensci/tarchetypes",
      "RemoteRef": "main",
      "RemoteSha": "d8fb11d0655438678142458d89ed36c7a5c5c903",
      "Hash": "24c9eb58a70cef665befbcc9891572de",
      "Requirements": [
        "digest",
        "dplyr",
        "fs",
        "rlang",
        "targets",
        "tibble",
        "tidyselect",
        "vctrs",
        "withr"
      ]
    },
    "targets": {
      "Package": "targets",
      "Version": "0.12.0",
      "Source": "Repository",
      "Repository": "CRAN",
      "Hash": "197fd95f9f9c6ac7e0be2d0ffbdd932f",
      "Requirements": [
        "R6",
        "base64url",
        "callr",
        "cli",
        "codetools",
        "data.table",
        "digest",
        "igraph",
        "knitr",
        "rlang",
        "tibble",
        "tidyselect",
        "vctrs",
        "withr",
        "yaml"
      ]
    },
    "tensorA": {
      "Package": "tensorA",
      "Version": "0.36.2",
      "Source": "Repository",
      "Repository": "CRAN",
      "Hash": "fd792ceac77f96b647fa8d6e1788969a",
      "Requirements": []
    },
    "threejs": {
      "Package": "threejs",
      "Version": "0.3.3",
      "Source": "Repository",
      "Repository": "CRAN",
      "Hash": "2ad32c3a8745e827977f394bc387e3b0",
      "Requirements": [
        "base64enc",
        "crosstalk",
        "htmlwidgets",
        "igraph"
      ]
    },
    "tibble": {
      "Package": "tibble",
      "Version": "3.1.6",
      "Source": "Repository",
      "Repository": "CRAN",
      "Hash": "8a8f02d1934dfd6431c671361510dd0b",
      "Requirements": [
        "ellipsis",
        "fansi",
        "lifecycle",
        "magrittr",
        "pillar",
        "pkgconfig",
        "rlang",
        "vctrs"
      ]
    },
    "tidybayes": {
      "Package": "tidybayes",
      "Version": "3.0.2",
      "Source": "Repository",
      "Repository": "CRAN",
      "Hash": "d501501261b724f35ec9f2b80f4421b5",
      "Requirements": [
        "arrayhelpers",
        "coda",
        "dplyr",
        "ggdist",
        "ggplot2",
        "magrittr",
        "posterior",
        "rlang",
        "tibble",
        "tidyr",
        "tidyselect",
        "vctrs",
        "withr"
      ]
    },
    "tidygraph": {
      "Package": "tidygraph",
      "Version": "1.2.0",
      "Source": "Repository",
      "Repository": "CRAN",
      "Hash": "5375980d0787633ca62c265b28bedb41",
      "Requirements": [
        "R6",
        "Rcpp",
        "dplyr",
        "igraph",
        "magrittr",
        "pillar",
        "rlang",
        "tibble",
        "tidyr"
      ]
    },
    "tidyr": {
      "Package": "tidyr",
      "Version": "1.2.0",
      "Source": "Repository",
      "Repository": "CRAN",
      "Hash": "d8b95b7fee945d7da6888cf7eb71a49c",
      "Requirements": [
        "cpp11",
        "dplyr",
        "ellipsis",
        "glue",
        "lifecycle",
        "magrittr",
        "purrr",
        "rlang",
        "tibble",
        "tidyselect",
        "vctrs"
      ]
    },
    "tidyselect": {
      "Package": "tidyselect",
      "Version": "1.1.2",
      "Source": "Repository",
      "Repository": "CRAN",
      "Hash": "17f6da8cfd7002760a859915ce7eef8f",
      "Requirements": [
        "ellipsis",
        "glue",
        "purrr",
        "rlang",
        "vctrs"
      ]
    },
    "tinytex": {
      "Package": "tinytex",
      "Version": "0.37",
      "Source": "Repository",
      "Repository": "CRAN",
      "Hash": "a80abeb527a977e4bef21873d29222dd",
      "Requirements": [
        "xfun"
      ]
    },
    "tweenr": {
      "Package": "tweenr",
      "Version": "1.0.2",
      "Source": "Repository",
      "Repository": "CRAN",
      "Hash": "6cc663f970a529dbf776f11d5bcd1a2e",
      "Requirements": [
        "Rcpp",
        "farver",
        "magrittr",
        "rlang"
      ]
    },
    "utf8": {
      "Package": "utf8",
      "Version": "1.2.2",
      "Source": "Repository",
      "Repository": "CRAN",
      "Hash": "c9c462b759a5cc844ae25b5942654d13",
      "Requirements": []
    },
    "vctrs": {
      "Package": "vctrs",
      "Version": "0.4.1",
      "Source": "Repository",
      "Repository": "CRAN",
      "Hash": "8b54f22e2a58c4f275479c92ce041a57",
      "Requirements": [
        "cli",
        "glue",
        "rlang"
      ]
    },
    "viridis": {
      "Package": "viridis",
      "Version": "0.6.2",
      "Source": "Repository",
      "Repository": "CRAN",
      "Hash": "ee96aee95a7a563e5496f8991e9fde4b",
      "Requirements": [
        "ggplot2",
        "gridExtra",
        "viridisLite"
      ]
    },
    "viridisLite": {
      "Package": "viridisLite",
      "Version": "0.4.0",
      "Source": "Repository",
      "Repository": "CRAN",
      "Hash": "55e157e2aa88161bdb0754218470d204",
      "Requirements": []
    },
    "withr": {
      "Package": "withr",
      "Version": "2.5.0",
      "Source": "Repository",
      "Repository": "CRAN",
      "Hash": "c0e49a9760983e81e55cdd9be92e7182",
      "Requirements": []
    },
    "xfun": {
      "Package": "xfun",
      "Version": "0.30",
      "Source": "Repository",
      "Repository": "CRAN",
      "Hash": "e83f48136b041845e50a6658feffb197",
      "Requirements": []
    },
    "xtable": {
      "Package": "xtable",
      "Version": "1.8-4",
      "Source": "Repository",
      "Repository": "CRAN",
      "Hash": "b8acdf8af494d9ec19ccb2481a9b11c2",
      "Requirements": []
    },
    "xts": {
      "Package": "xts",
      "Version": "0.12.1",
      "Source": "Repository",
      "Repository": "CRAN",
      "Hash": "ca2fd4ad8ef78cca3aa2b30f992798a8",
      "Requirements": [
        "zoo"
      ]
    },
    "yaml": {
      "Package": "yaml",
      "Version": "2.3.5",
      "Source": "Repository",
      "Repository": "CRAN",
      "Hash": "458bb38374d73bf83b1bb85e353da200",
      "Requirements": []
    },
    "zoo": {
      "Package": "zoo",
      "Version": "1.8-10",
      "Source": "Repository",
      "Repository": "CRAN",
      "Hash": "277b8b4c5b7b47e664aebfe024a2092e",
      "Requirements": [
        "lattice"
      ]
    }
  }
}
